{
  "name": "node-liquibase-sandbox",
  "version": "1.0.0",
  "lockfileVersion": 3,
  "requires": true,
  "packages": {
    "": {
      "name": "node-liquibase-sandbox",
      "version": "1.0.0",
      "license": "MIT",
      "dependencies": {
        "liquibase": "^4.27.0",
        "node-liquibase": "^4.1.1"
      },
      "devDependencies": {
        "@types/node": "^14.14.40",
        "tslib": "^2.2.0",
        "typescript": "^4.2.4"
      }
    },
    "node_modules/@types/node": {
      "version": "14.18.63",
      "resolved": "https://registry.npmjs.org/@types/node/-/node-14.18.63.tgz",
      "integrity": "sha512-fAtCfv4jJg+ExtXhvCkCqUKZ+4ok/JQk01qDKhL5BDDoS3AxKXhV5/MAVUZyQnSEd2GT92fkgZl0pz0Q0AzcIQ==",
      "dev": true
    },
    "node_modules/liquibase": {
      "version": "4.27.0",
      "resolved": "https://registry.npmjs.org/liquibase/-/liquibase-4.27.0.tgz",
      "integrity": "sha512-VtsANEp3kULNbMOulqzxmH8SeX5Kyx4xCr1sTLLf+3oKSWOkhv2PnJbPVF65CxJATPo/aKk3Oh9cP6uPvvMRMQ==",
      "bin": {
        "node-liquibase": "dist/cli.js"
      },
      "engines": {
        "node": ">=6.9.0"
      }
    },
    "node_modules/node-liquibase": {
      "version": "4.1.1",
      "resolved": "https://registry.npmjs.org/node-liquibase/-/node-liquibase-4.1.1.tgz",
      "integrity": "sha512-f0JkPvXV37yuT5dkF4uCvgeUq4J1GyTlw/BsikBI8Ld3bNn/0xQgmOognA+WettdLePmVeKDLhOe9OSvp8I2Hg==",
      "bin": {
        "node-liquibase": "dist/cli.js"
      },
      "engines": {
        "node": ">=6.9.0"
      }
    },
    "node_modules/tslib": {
      "version": "2.6.3",
      "resolved": "https://registry.npmjs.org/tslib/-/tslib-2.6.3.tgz",
      "integrity": "sha512-xNvxJEOUiWPGhUuUdQgAJPKOOJfGnIyKySOc09XkKsgdUV/3E2zvwZYdejjmRgPCgcym1juLH3226yA7sEFJKQ==",
      "dev": true
    },
    "node_modules/typescript": {
      "version": "4.9.5",
      "resolved": "https://registry.npmjs.org/typescript/-/typescript-4.9.5.tgz",
      "integrity": "sha512-1FXk9E2Hm+QzZQ7z+McJiHL4NW1F2EzMu9Nq9i3zAaGqibafqYwCVU6WyWAuyQRRzOlxou8xZSyXLEN8oKj24g==",
      "dev": true,
      "bin": {
        "tsc": "bin/tsc",
        "tsserver": "bin/tsserver"
      },
      "engines": {
        "node": ">=4.2.0"
      }
    }
  }
}
