# THIS IS AN AUTOGENERATED FILE. DO NOT EDIT THIS FILE DIRECTLY.
# yarn lockfile v1


"@types/node@^14.14.40":
  version "14.18.63"
  resolved "https://registry.npmjs.org/@types/node/-/node-14.18.63.tgz"
  integrity sha512-fAtCfv4jJg+ExtXhvCkCqUKZ+4ok/JQk01qDKhL5BDDoS3AxKXhV5/MAVUZyQnSEd2GT92fkgZl0pz0Q0AzcIQ==

liquibase@^4.27.0:
  version "4.27.0"
  resolved "https://registry.npmjs.org/liquibase/-/liquibase-4.27.0.tgz"
  integrity sha512-VtsANEp3kULNbMOulqzxmH8SeX5Kyx4xCr1sTLLf+3oKSWOkhv2PnJbPVF65CxJATPo/aKk3Oh9cP6uPvvMRMQ==

node-liquibase@^4.1.1:
  version "4.1.1"
  resolved "https://registry.npmjs.org/node-liquibase/-/node-liquibase-4.1.1.tgz"
  integrity sha512-f0JkPvXV37yuT5dkF4uCvgeUq4J1GyTlw/BsikBI8Ld3bNn/0xQgmOognA+WettdLePmVeKDLhOe9OSvp8I2Hg==

tslib@^2.2.0:
  version "2.6.3"
  resolved "https://registry.npmjs.org/tslib/-/tslib-2.6.3.tgz"
  integrity sha512-xNvxJEOUiWPGhUuUdQgAJPKOOJfGnIyKySOc09XkKsgdUV/3E2zvwZYdejjmRgPCgcym1juLH3226yA7sEFJKQ==

typescript@^4.2.4:
  version "4.9.5"
  resolved "https://registry.npmjs.org/typescript/-/typescript-4.9.5.tgz"
  integrity sha512-1FXk9E2Hm+QzZQ7z+McJiHL4NW1F2EzMu9Nq9i3zAaGqibafqYwCVU6WyWAuyQRRzOlxou8xZSyXLEN8oKj24g==
